// !$*UTF8*$!
{
	archiveVersion = 1;
	classes = {
	};
	objectVersion = 46;
	objects = {

/* Begin PBXBuildFile section */
		560876842480B524006770EB /* infoPlist.strings in Resources */ = {isa = PBXBuildFile; fileRef = 560876832480B524006770EB /* infoPlist.strings */; };
		8D1107280486CEB800E47090 /* Snail Mail_Prefix.pch in Headers */ = {isa = PBXBuildFile; fileRef = 32CA4F630368D1EE00C91783 /* Snail Mail_Prefix.pch */; };
		8D11072A0486CEB800E47090 /* MainMenu.nib in Resources */ = {isa = PBXBuildFile; fileRef = 29B97318FDCFA39411CA2CEA /* MainMenu.nib */; };
		8D11072F0486CEB800E47090 /* Cocoa.framework in Frameworks */ = {isa = PBXBuildFile; fileRef = 1058C7A1FEA54F0111CA2CBB /* Cocoa.framework */; };
		B232F31612D4008700919C63 /* ABPersonAdditions.h in Headers */ = {isa = PBXBuildFile; fileRef = B232F30B12D4008700919C63 /* ABPersonAdditions.h */; };
		B232F31712D4008700919C63 /* AddressManager.h in Headers */ = {isa = PBXBuildFile; fileRef = B232F30C12D4008700919C63 /* AddressManager.h */; };
		B232F31812D4008700919C63 /* EnvelopeProfile.h in Headers */ = {isa = PBXBuildFile; fileRef = B232F30D12D4008700919C63 /* EnvelopeProfile.h */; };
		B232F31912D4008700919C63 /* FieldLayoutTextView.h in Headers */ = {isa = PBXBuildFile; fileRef = B232F30E12D4008700919C63 /* FieldLayoutTextView.h */; };
		B232F31A12D4008700919C63 /* NKDBarcode.h in Headers */ = {isa = PBXBuildFile; fileRef = B232F30F12D4008700919C63 /* NKDBarcode.h */; };
		B232F31B12D4008700919C63 /* NKDBarcodeOffscreenView.h in Headers */ = {isa = PBXBuildFile; fileRef = B232F31012D4008700919C63 /* NKDBarcodeOffscreenView.h */; };
		B232F31C12D4008700919C63 /* NKDPostnetBarcode.h in Headers */ = {isa = PBXBuildFile; fileRef = B232F31112D4008700919C63 /* NKDPostnetBarcode.h */; };
		B232F31D12D4008700919C63 /* NSAttributedStringAdditions.h in Headers */ = {isa = PBXBuildFile; fileRef = B232F31212D4008700919C63 /* NSAttributedStringAdditions.h */; };
		B232F31E12D4008700919C63 /* NSTextAdditions.h in Headers */ = {isa = PBXBuildFile; fileRef = B232F31312D4008700919C63 /* NSTextAdditions.h */; };
		B232F31F12D4008700919C63 /* PostalBarcodeGenerator.h in Headers */ = {isa = PBXBuildFile; fileRef = B232F31412D4008700919C63 /* PostalBarcodeGenerator.h */; };
		B232F32012D4008700919C63 /* SnailMailController.h in Headers */ = {isa = PBXBuildFile; fileRef = B232F31512D4008700919C63 /* SnailMailController.h */; };
		B232F32312D400BD00919C63 /* SnailMailPlugin.h in Headers */ = {isa = PBXBuildFile; fileRef = B232F32112D400BD00919C63 /* SnailMailPlugin.h */; };
		B232F32412D400BD00919C63 /* SnailMailPlugin.m in Sources */ = {isa = PBXBuildFile; fileRef = B232F32212D400BD00919C63 /* SnailMailPlugin.m */; };
		B232F33112D400E700919C63 /* ABPersonAdditions.m in Sources */ = {isa = PBXBuildFile; fileRef = B232F32512D400E700919C63 /* ABPersonAdditions.m */; };
		B232F33212D400E700919C63 /* AddressManager.m in Sources */ = {isa = PBXBuildFile; fileRef = B232F32612D400E700919C63 /* AddressManager.m */; };
		B232F33312D400E700919C63 /* EnvelopeProfile.m in Sources */ = {isa = PBXBuildFile; fileRef = B232F32712D400E700919C63 /* EnvelopeProfile.m */; };
		B232F33412D400E700919C63 /* FieldLayoutTextView.m in Sources */ = {isa = PBXBuildFile; fileRef = B232F32812D400E700919C63 /* FieldLayoutTextView.m */; };
		B232F33512D400E700919C63 /* main.m in Sources */ = {isa = PBXBuildFile; fileRef = B232F32912D400E700919C63 /* main.m */; };
		B232F33612D400E700919C63 /* NKDBarcode.m in Sources */ = {isa = PBXBuildFile; fileRef = B232F32A12D400E700919C63 /* NKDBarcode.m */; };
		B232F33712D400E700919C63 /* NKDBarcodeOffscreenView.m in Sources */ = {isa = PBXBuildFile; fileRef = B232F32B12D400E700919C63 /* NKDBarcodeOffscreenView.m */; };
		B232F33812D400E700919C63 /* NKDPostnetBarcode.m in Sources */ = {isa = PBXBuildFile; fileRef = B232F32C12D400E700919C63 /* NKDPostnetBarcode.m */; };
		B232F33912D400E700919C63 /* NSAttributedStringAdditions.m in Sources */ = {isa = PBXBuildFile; fileRef = B232F32D12D400E700919C63 /* NSAttributedStringAdditions.m */; };
		B232F33A12D400E700919C63 /* NSTextAdditions.m in Sources */ = {isa = PBXBuildFile; fileRef = B232F32E12D400E700919C63 /* NSTextAdditions.m */; };
		B232F33B12D400E700919C63 /* PostalBarcodeGenerator.m in Sources */ = {isa = PBXBuildFile; fileRef = B232F32F12D400E700919C63 /* PostalBarcodeGenerator.m */; };
		B232F33C12D400E700919C63 /* SnailMailController.m in Sources */ = {isa = PBXBuildFile; fileRef = B232F33012D400E700919C63 /* SnailMailController.m */; };
		B232F34E12D4026000919C63 /* Change Log.html in Resources */ = {isa = PBXBuildFile; fileRef = B232F34A12D4026000919C63 /* Change Log.html */; };
		B232F34F12D4026000919C63 /* Credits.html in Resources */ = {isa = PBXBuildFile; fileRef = B232F34B12D4026000919C63 /* Credits.html */; };
		B232F35012D4026000919C63 /* READ ME.html in Resources */ = {isa = PBXBuildFile; fileRef = B232F34C12D4026000919C63 /* READ ME.html */; };
		B232F35112D4026000919C63 /* UNDERWARE.html in Resources */ = {isa = PBXBuildFile; fileRef = B232F34D12D4026000919C63 /* UNDERWARE.html */; };
		B232F35912D4029900919C63 /* AddressBook.tiff in Resources */ = {isa = PBXBuildFile; fileRef = B232F35312D4029900919C63 /* AddressBook.tiff */; };
		B232F35A12D4029900919C63 /* copy.tiff in Resources */ = {isa = PBXBuildFile; fileRef = B232F35412D4029900919C63 /* copy.tiff */; };
		B232F35B12D4029900919C63 /* paste.tiff in Resources */ = {isa = PBXBuildFile; fileRef = B232F35512D4029900919C63 /* paste.tiff */; };
		B232F35C12D4029900919C63 /* smPlugin.icns in Resources */ = {isa = PBXBuildFile; fileRef = B232F35612D4029900919C63 /* smPlugin.icns */; };
		B232F35D12D4029900919C63 /* SnailMail.icns in Resources */ = {isa = PBXBuildFile; fileRef = B232F35712D4029900919C63 /* SnailMail.icns */; };
		B232F35E12D4029900919C63 /* text.tiff in Resources */ = {isa = PBXBuildFile; fileRef = B232F35812D4029900919C63 /* text.tiff */; };
		B232F36512D402A900919C63 /* SnailMailPlugin-Info.plist in Resources */ = {isa = PBXBuildFile; fileRef = B232F36112D402A900919C63 /* SnailMailPlugin-Info.plist */; };
		B232F36612D402A900919C63 /* version.plist in Resources */ = {isa = PBXBuildFile; fileRef = B232F36212D402A900919C63 /* version.plist */; };
		DD75E6F906560174007C8C66 /* Help in Resources */ = {isa = PBXBuildFile; fileRef = DD75E67C0655F5DC007C8C66 /* Help */; };
		DD846F6309B39D0E002F54B4 /* Localizable.strings in Resources */ = {isa = PBXBuildFile; fileRef = DD846F6209B39D0E002F54B4 /* Localizable.strings */; };
		DDB0BD6F064B46BB00118B48 /* Snail Mail_Prefix.pch in Headers */ = {isa = PBXBuildFile; fileRef = 32CA4F630368D1EE00C91783 /* Snail Mail_Prefix.pch */; };
		DDB0BE78064B4BDC00118B48 /* AddressBook.framework in Frameworks */ = {isa = PBXBuildFile; fileRef = DDB0BE77064B4BDC00118B48 /* AddressBook.framework */; };
		DDB0BE79064B4BDC00118B48 /* AddressBook.framework in Frameworks */ = {isa = PBXBuildFile; fileRef = DDB0BE77064B4BDC00118B48 /* AddressBook.framework */; };
		DDC87A3F065B73AF00F56F34 /* SnailMailPlugin.bundle in Resources */ = {isa = PBXBuildFile; fileRef = DDB0BD55064B460000118B48 /* SnailMailPlugin.bundle */; };
/* End PBXBuildFile section */

/* Begin PBXContainerItemProxy section */
		DDA0213509ADBA1500DA3195 /* PBXContainerItemProxy */ = {
			isa = PBXContainerItemProxy;
			containerPortal = 29B97313FDCFA39411CA2CEA /* Project object */;
			proxyType = 1;
			remoteGlobalIDString = DDB0BD54064B460000118B48;
			remoteInfo = SnailMailPlugin;
		};
/* End PBXContainerItemProxy section */

/* Begin PBXCopyFilesBuildPhase section */
		DDAD46B1063F827A00F74C80 /* CopyFiles */ = {
			isa = PBXCopyFilesBuildPhase;
			buildActionMask = 2147483647;
			dstPath = "";
			dstSubfolderSpec = 16;
			files = (
			);
			runOnlyForDeploymentPostprocessing = 0;
		};
/* End PBXCopyFilesBuildPhase section */

/* Begin PBXFileReference section */
		1058C7A1FEA54F0111CA2CBB /* Cocoa.framework */ = {isa = PBXFileReference; lastKnownFileType = wrapper.framework; name = Cocoa.framework; path = /System/Library/Frameworks/Cocoa.framework; sourceTree = "<absolute>"; };
		29B97324FDCFA39411CA2CEA /* AppKit.framework */ = {isa = PBXFileReference; lastKnownFileType = wrapper.framework; name = AppKit.framework; path = /System/Library/Frameworks/AppKit.framework; sourceTree = "<absolute>"; };
		29B97325FDCFA39411CA2CEA /* Foundation.framework */ = {isa = PBXFileReference; lastKnownFileType = wrapper.framework; name = Foundation.framework; path = /System/Library/Frameworks/Foundation.framework; sourceTree = "<absolute>"; };
		32CA4F630368D1EE00C91783 /* Snail Mail_Prefix.pch */ = {isa = PBXFileReference; fileEncoding = 4; lastKnownFileType = sourcecode.c.h; path = "Snail Mail_Prefix.pch"; sourceTree = "<group>"; };
		560876822480B2B6006770EB /* Base */ = {isa = PBXFileReference; lastKnownFileType = wrapper.nib; name = Base; path = Base.lproj/MainMenu.nib; sourceTree = "<group>"; };
		560876832480B524006770EB /* infoPlist.strings */ = {isa = PBXFileReference; lastKnownFileType = text.plist.strings; name = infoPlist.strings; path = resources/infoPlist.strings; sourceTree = "<group>"; };
		8D1107320486CEB800E47090 /* Snail Mail.app */ = {isa = PBXFileReference; explicitFileType = wrapper.application; includeInIndex = 0; path = "Snail Mail.app"; sourceTree = BUILT_PRODUCTS_DIR; };
		B232F30B12D4008700919C63 /* ABPersonAdditions.h */ = {isa = PBXFileReference; fileEncoding = 4; lastKnownFileType = sourcecode.c.h; name = ABPersonAdditions.h; path = source/ABPersonAdditions.h; sourceTree = "<group>"; };
		B232F30C12D4008700919C63 /* AddressManager.h */ = {isa = PBXFileReference; fileEncoding = 4; lastKnownFileType = sourcecode.c.h; name = AddressManager.h; path = source/AddressManager.h; sourceTree = "<group>"; };
		B232F30D12D4008700919C63 /* EnvelopeProfile.h */ = {isa = PBXFileReference; fileEncoding = 4; lastKnownFileType = sourcecode.c.h; name = EnvelopeProfile.h; path = source/EnvelopeProfile.h; sourceTree = "<group>"; };
		B232F30E12D4008700919C63 /* FieldLayoutTextView.h */ = {isa = PBXFileReference; fileEncoding = 4; lastKnownFileType = sourcecode.c.h; name = FieldLayoutTextView.h; path = source/FieldLayoutTextView.h; sourceTree = "<group>"; };
		B232F30F12D4008700919C63 /* NKDBarcode.h */ = {isa = PBXFileReference; fileEncoding = 4; lastKnownFileType = sourcecode.c.h; name = NKDBarcode.h; path = source/NKDBarcode.h; sourceTree = "<group>"; };
		B232F31012D4008700919C63 /* NKDBarcodeOffscreenView.h */ = {isa = PBXFileReference; fileEncoding = 4; lastKnownFileType = sourcecode.c.h; name = NKDBarcodeOffscreenView.h; path = source/NKDBarcodeOffscreenView.h; sourceTree = "<group>"; };
		B232F31112D4008700919C63 /* NKDPostnetBarcode.h */ = {isa = PBXFileReference; fileEncoding = 4; lastKnownFileType = sourcecode.c.h; name = NKDPostnetBarcode.h; path = source/NKDPostnetBarcode.h; sourceTree = "<group>"; };
		B232F31212D4008700919C63 /* NSAttributedStringAdditions.h */ = {isa = PBXFileReference; fileEncoding = 4; lastKnownFileType = sourcecode.c.h; name = NSAttributedStringAdditions.h; path = source/NSAttributedStringAdditions.h; sourceTree = "<group>"; };
		B232F31312D4008700919C63 /* NSTextAdditions.h */ = {isa = PBXFileReference; fileEncoding = 4; lastKnownFileType = sourcecode.c.h; name = NSTextAdditions.h; path = source/NSTextAdditions.h; sourceTree = "<group>"; };
		B232F31412D4008700919C63 /* PostalBarcodeGenerator.h */ = {isa = PBXFileReference; fileEncoding = 4; lastKnownFileType = sourcecode.c.h; name = PostalBarcodeGenerator.h; path = source/PostalBarcodeGenerator.h; sourceTree = "<group>"; };
		B232F31512D4008700919C63 /* SnailMailController.h */ = {isa = PBXFileReference; fileEncoding = 4; lastKnownFileType = sourcecode.c.h; name = SnailMailController.h; path = source/SnailMailController.h; sourceTree = "<group>"; };
		B232F32112D400BD00919C63 /* SnailMailPlugin.h */ = {isa = PBXFileReference; fileEncoding = 4; lastKnownFileType = sourcecode.c.h; name = SnailMailPlugin.h; path = source/SnailMailPlugin.h; sourceTree = "<group>"; };
		B232F32212D400BD00919C63 /* SnailMailPlugin.m */ = {isa = PBXFileReference; fileEncoding = 4; lastKnownFileType = sourcecode.c.objc; name = SnailMailPlugin.m; path = source/SnailMailPlugin.m; sourceTree = "<group>"; };
		B232F32512D400E700919C63 /* ABPersonAdditions.m */ = {isa = PBXFileReference; fileEncoding = 4; lastKnownFileType = sourcecode.c.objc; name = ABPersonAdditions.m; path = source/ABPersonAdditions.m; sourceTree = "<group>"; };
		B232F32612D400E700919C63 /* AddressManager.m */ = {isa = PBXFileReference; fileEncoding = 4; lastKnownFileType = sourcecode.c.objc; name = AddressManager.m; path = source/AddressManager.m; sourceTree = "<group>"; };
		B232F32712D400E700919C63 /* EnvelopeProfile.m */ = {isa = PBXFileReference; fileEncoding = 4; lastKnownFileType = sourcecode.c.objc; name = EnvelopeProfile.m; path = source/EnvelopeProfile.m; sourceTree = "<group>"; };
		B232F32812D400E700919C63 /* FieldLayoutTextView.m */ = {isa = PBXFileReference; fileEncoding = 4; lastKnownFileType = sourcecode.c.objc; name = FieldLayoutTextView.m; path = source/FieldLayoutTextView.m; sourceTree = "<group>"; };
		B232F32912D400E700919C63 /* main.m */ = {isa = PBXFileReference; fileEncoding = 4; lastKnownFileType = sourcecode.c.objc; name = main.m; path = source/main.m; sourceTree = "<group>"; };
		B232F32A12D400E700919C63 /* NKDBarcode.m */ = {isa = PBXFileReference; fileEncoding = 4; lastKnownFileType = sourcecode.c.objc; name = NKDBarcode.m; path = source/NKDBarcode.m; sourceTree = "<group>"; };
		B232F32B12D400E700919C63 /* NKDBarcodeOffscreenView.m */ = {isa = PBXFileReference; fileEncoding = 4; lastKnownFileType = sourcecode.c.objc; name = NKDBarcodeOffscreenView.m; path = source/NKDBarcodeOffscreenView.m; sourceTree = "<group>"; };
		B232F32C12D400E700919C63 /* NKDPostnetBarcode.m */ = {isa = PBXFileReference; fileEncoding = 4; lastKnownFileType = sourcecode.c.objc; name = NKDPostnetBarcode.m; path = source/NKDPostnetBarcode.m; sourceTree = "<group>"; };
		B232F32D12D400E700919C63 /* NSAttributedStringAdditions.m */ = {isa = PBXFileReference; fileEncoding = 4; lastKnownFileType = sourcecode.c.objc; name = NSAttributedStringAdditions.m; path = source/NSAttributedStringAdditions.m; sourceTree = "<group>"; };
		B232F32E12D400E700919C63 /* NSTextAdditions.m */ = {isa = PBXFileReference; fileEncoding = 4; lastKnownFileType = sourcecode.c.objc; name = NSTextAdditions.m; path = source/NSTextAdditions.m; sourceTree = "<group>"; };
		B232F32F12D400E700919C63 /* PostalBarcodeGenerator.m */ = {isa = PBXFileReference; fileEncoding = 4; lastKnownFileType = sourcecode.c.objc; name = PostalBarcodeGenerator.m; path = source/PostalBarcodeGenerator.m; sourceTree = "<group>"; };
		B232F33012D400E700919C63 /* SnailMailController.m */ = {isa = PBXFileReference; fileEncoding = 4; lastKnownFileType = sourcecode.c.objc; name = SnailMailController.m; path = source/SnailMailController.m; sourceTree = "<group>"; };
		B232F34A12D4026000919C63 /* Change Log.html */ = {isa = PBXFileReference; fileEncoding = 4; lastKnownFileType = text.html.documentation; name = "Change Log.html"; path = "documentation/Change Log.html"; sourceTree = "<group>"; };
		B232F34B12D4026000919C63 /* Credits.html */ = {isa = PBXFileReference; fileEncoding = 4; lastKnownFileType = text.html.documentation; name = Credits.html; path = documentation/Credits.html; sourceTree = "<group>"; };
		B232F34C12D4026000919C63 /* READ ME.html */ = {isa = PBXFileReference; fileEncoding = 4; lastKnownFileType = text.html.documentation; name = "READ ME.html"; path = "documentation/READ ME.html"; sourceTree = "<group>"; };
		B232F34D12D4026000919C63 /* UNDERWARE.html */ = {isa = PBXFileReference; fileEncoding = 4; lastKnownFileType = text.html.documentation; name = UNDERWARE.html; path = documentation/UNDERWARE.html; sourceTree = "<group>"; };
		B232F35312D4029900919C63 /* AddressBook.tiff */ = {isa = PBXFileReference; lastKnownFileType = image.tiff; name = AddressBook.tiff; path = resources/images/AddressBook.tiff; sourceTree = "<group>"; };
		B232F35412D4029900919C63 /* copy.tiff */ = {isa = PBXFileReference; lastKnownFileType = image.tiff; name = copy.tiff; path = resources/images/copy.tiff; sourceTree = "<group>"; };
		B232F35512D4029900919C63 /* paste.tiff */ = {isa = PBXFileReference; lastKnownFileType = image.tiff; name = paste.tiff; path = resources/images/paste.tiff; sourceTree = "<group>"; };
		B232F35612D4029900919C63 /* smPlugin.icns */ = {isa = PBXFileReference; lastKnownFileType = image.icns; name = smPlugin.icns; path = resources/images/smPlugin.icns; sourceTree = "<group>"; };
		B232F35712D4029900919C63 /* SnailMail.icns */ = {isa = PBXFileReference; lastKnownFileType = image.icns; name = SnailMail.icns; path = resources/images/SnailMail.icns; sourceTree = "<group>"; };
		B232F35812D4029900919C63 /* text.tiff */ = {isa = PBXFileReference; lastKnownFileType = image.tiff; name = text.tiff; path = resources/images/text.tiff; sourceTree = "<group>"; };
		B232F35F12D402A900919C63 /* Info.plist */ = {isa = PBXFileReference; fileEncoding = 4; lastKnownFileType = text.plist.xml; name = Info.plist; path = project_resources/Info.plist; sourceTree = "<group>"; };
		B232F36112D402A900919C63 /* SnailMailPlugin-Info.plist */ = {isa = PBXFileReference; fileEncoding = 4; lastKnownFileType = text.plist.xml; name = "SnailMailPlugin-Info.plist"; path = "resources/SnailMailPlugin-Info.plist"; sourceTree = "<group>"; };
		B232F36212D402A900919C63 /* version.plist */ = {isa = PBXFileReference; fileEncoding = 4; lastKnownFileType = text.plist.xml; name = version.plist; path = resources/version.plist; sourceTree = "<group>"; };
		DD4CA6890805FF4800AFE54A /* French */ = {isa = PBXFileReference; lastKnownFileType = wrapper.nib; name = French; path = French.lproj/MainMenu.nib; sourceTree = "<group>"; };
		DD75E67C0655F5DC007C8C66 /* Help */ = {isa = PBXFileReference; lastKnownFileType = folder; path = Help; sourceTree = "<group>"; };
		DD846F5E09B39CFF002F54B4 /* English */ = {isa = PBXFileReference; fileEncoding = 4; lastKnownFileType = text.plist.strings; name = English; path = English.lproj/Localizable.strings; sourceTree = "<group>"; };
		DD846F6409B39D18002F54B4 /* French */ = {isa = PBXFileReference; lastKnownFileType = text.plist.strings; name = French; path = French.lproj/Localizable.strings; sourceTree = "<group>"; };
		DD846F6509B39D1B002F54B4 /* German */ = {isa = PBXFileReference; fileEncoding = 4; lastKnownFileType = text.plist.strings; name = German; path = German.lproj/Localizable.strings; sourceTree = "<group>"; };
		DD8E67D4063F812700D5D0AB /* German */ = {isa = PBXFileReference; lastKnownFileType = wrapper.nib; name = German; path = German.lproj/MainMenu.nib; sourceTree = "<group>"; };
		DDB0BD55064B460000118B48 /* SnailMailPlugin.bundle */ = {isa = PBXFileReference; explicitFileType = wrapper.cfbundle; includeInIndex = 0; path = SnailMailPlugin.bundle; sourceTree = BUILT_PRODUCTS_DIR; };
		DDB0BE77064B4BDC00118B48 /* AddressBook.framework */ = {isa = PBXFileReference; lastKnownFileType = wrapper.framework; name = AddressBook.framework; path = /System/Library/Frameworks/AddressBook.framework; sourceTree = "<absolute>"; };
/* End PBXFileReference section */

/* Begin PBXFrameworksBuildPhase section */
		8D11072E0486CEB800E47090 /* Frameworks */ = {
			isa = PBXFrameworksBuildPhase;
			buildActionMask = 2147483647;
			files = (
				8D11072F0486CEB800E47090 /* Cocoa.framework in Frameworks */,
				DDB0BE79064B4BDC00118B48 /* AddressBook.framework in Frameworks */,
			);
			runOnlyForDeploymentPostprocessing = 0;
		};
		DDB0BD53064B460000118B48 /* Frameworks */ = {
			isa = PBXFrameworksBuildPhase;
			buildActionMask = 2147483647;
			files = (
				DDB0BE78064B4BDC00118B48 /* AddressBook.framework in Frameworks */,
			);
			runOnlyForDeploymentPostprocessing = 0;
		};
/* End PBXFrameworksBuildPhase section */

/* Begin PBXGroup section */
		080E96DDFE201D6D7F000001 /* Classes */ = {
			isa = PBXGroup;
			children = (
				B232F32512D400E700919C63 /* ABPersonAdditions.m */,
				B232F32612D400E700919C63 /* AddressManager.m */,
				B232F32712D400E700919C63 /* EnvelopeProfile.m */,
				B232F32812D400E700919C63 /* FieldLayoutTextView.m */,
				B232F32A12D400E700919C63 /* NKDBarcode.m */,
				B232F32B12D400E700919C63 /* NKDBarcodeOffscreenView.m */,
				B232F32C12D400E700919C63 /* NKDPostnetBarcode.m */,
				B232F32D12D400E700919C63 /* NSAttributedStringAdditions.m */,
				B232F32E12D400E700919C63 /* NSTextAdditions.m */,
				B232F32F12D400E700919C63 /* PostalBarcodeGenerator.m */,
				B232F33012D400E700919C63 /* SnailMailController.m */,
			);
			name = Classes;
			sourceTree = "<group>";
		};
		1058C7A0FEA54F0111CA2CBB /* Linked Frameworks */ = {
			isa = PBXGroup;
			children = (
				1058C7A1FEA54F0111CA2CBB /* Cocoa.framework */,
			);
			name = "Linked Frameworks";
			sourceTree = "<group>";
		};
		1058C7A2FEA54F0111CA2CBB /* Other Frameworks */ = {
			isa = PBXGroup;
			children = (
				29B97325FDCFA39411CA2CEA /* Foundation.framework */,
				29B97324FDCFA39411CA2CEA /* AppKit.framework */,
			);
			name = "Other Frameworks";
			sourceTree = "<group>";
		};
		19C28FACFE9D520D11CA2CBB /* Products */ = {
			isa = PBXGroup;
			children = (
				8D1107320486CEB800E47090 /* Snail Mail.app */,
				DDB0BD55064B460000118B48 /* SnailMailPlugin.bundle */,
			);
			name = Products;
			sourceTree = "<group>";
		};
		29B97314FDCFA39411CA2CEA /* Snail Mail */ = {
			isa = PBXGroup;
			children = (
				DD1A344D07D6980A00EB5460 /* Headers */,
				080E96DDFE201D6D7F000001 /* Classes */,
				DDB0BD79064B470900118B48 /* Plugin */,
				29B97315FDCFA39411CA2CEA /* Other Sources */,
				29B97317FDCFA39411CA2CEA /* Resources */,
				DDAD46CA063F82D900F74C80 /* Documentation */,
				29B97323FDCFA39411CA2CEA /* Frameworks */,
				19C28FACFE9D520D11CA2CBB /* Products */,
			);
			name = "Snail Mail";
			sourceTree = "<group>";
		};
		29B97315FDCFA39411CA2CEA /* Other Sources */ = {
			isa = PBXGroup;
			children = (
				B232F32912D400E700919C63 /* main.m */,
				32CA4F630368D1EE00C91783 /* Snail Mail_Prefix.pch */,
			);
			name = "Other Sources";
			sourceTree = "<group>";
		};
		29B97317FDCFA39411CA2CEA /* Resources */ = {
			isa = PBXGroup;
			children = (
				B232F35F12D402A900919C63 /* Info.plist */,
				560876832480B524006770EB /* infoPlist.strings */,
				B232F36112D402A900919C63 /* SnailMailPlugin-Info.plist */,
				B232F36212D402A900919C63 /* version.plist */,
				B232F35312D4029900919C63 /* AddressBook.tiff */,
				B232F35412D4029900919C63 /* copy.tiff */,
				B232F35512D4029900919C63 /* paste.tiff */,
				B232F35612D4029900919C63 /* smPlugin.icns */,
				B232F35712D4029900919C63 /* SnailMail.icns */,
				B232F35812D4029900919C63 /* text.tiff */,
				29B97318FDCFA39411CA2CEA /* MainMenu.nib */,
				DD846F6209B39D0E002F54B4 /* Localizable.strings */,
				DD75E67C0655F5DC007C8C66 /* Help */,
			);
			name = Resources;
			sourceTree = "<group>";
		};
		29B97323FDCFA39411CA2CEA /* Frameworks */ = {
			isa = PBXGroup;
			children = (
				DDB0BE77064B4BDC00118B48 /* AddressBook.framework */,
				1058C7A0FEA54F0111CA2CBB /* Linked Frameworks */,
				1058C7A2FEA54F0111CA2CBB /* Other Frameworks */,
			);
			name = Frameworks;
			sourceTree = "<group>";
		};
		DD1A344D07D6980A00EB5460 /* Headers */ = {
			isa = PBXGroup;
			children = (
				B232F30B12D4008700919C63 /* ABPersonAdditions.h */,
				B232F30C12D4008700919C63 /* AddressManager.h */,
				B232F30D12D4008700919C63 /* EnvelopeProfile.h */,
				B232F30E12D4008700919C63 /* FieldLayoutTextView.h */,
				B232F30F12D4008700919C63 /* NKDBarcode.h */,
				B232F31012D4008700919C63 /* NKDBarcodeOffscreenView.h */,
				B232F31112D4008700919C63 /* NKDPostnetBarcode.h */,
				B232F31212D4008700919C63 /* NSAttributedStringAdditions.h */,
				B232F31312D4008700919C63 /* NSTextAdditions.h */,
				B232F31412D4008700919C63 /* PostalBarcodeGenerator.h */,
				B232F31512D4008700919C63 /* SnailMailController.h */,
			);
			name = Headers;
			sourceTree = "<group>";
		};
		DDAD46CA063F82D900F74C80 /* Documentation */ = {
			isa = PBXGroup;
			children = (
				B232F34A12D4026000919C63 /* Change Log.html */,
				B232F34B12D4026000919C63 /* Credits.html */,
				B232F34C12D4026000919C63 /* READ ME.html */,
				B232F34D12D4026000919C63 /* UNDERWARE.html */,
			);
			name = Documentation;
			sourceTree = "<group>";
		};
		DDB0BD79064B470900118B48 /* Plugin */ = {
			isa = PBXGroup;
			children = (
				B232F32112D400BD00919C63 /* SnailMailPlugin.h */,
				B232F32212D400BD00919C63 /* SnailMailPlugin.m */,
			);
			name = Plugin;
			sourceTree = "<group>";
		};
/* End PBXGroup section */

/* Begin PBXHeadersBuildPhase section */
		8D1107270486CEB800E47090 /* Headers */ = {
			isa = PBXHeadersBuildPhase;
			buildActionMask = 2147483647;
			files = (
				8D1107280486CEB800E47090 /* Snail Mail_Prefix.pch in Headers */,
				B232F31612D4008700919C63 /* ABPersonAdditions.h in Headers */,
				B232F31712D4008700919C63 /* AddressManager.h in Headers */,
				B232F31812D4008700919C63 /* EnvelopeProfile.h in Headers */,
				B232F31912D4008700919C63 /* FieldLayoutTextView.h in Headers */,
				B232F31A12D4008700919C63 /* NKDBarcode.h in Headers */,
				B232F31B12D4008700919C63 /* NKDBarcodeOffscreenView.h in Headers */,
				B232F31C12D4008700919C63 /* NKDPostnetBarcode.h in Headers */,
				B232F31D12D4008700919C63 /* NSAttributedStringAdditions.h in Headers */,
				B232F31E12D4008700919C63 /* NSTextAdditions.h in Headers */,
				B232F31F12D4008700919C63 /* PostalBarcodeGenerator.h in Headers */,
				B232F32012D4008700919C63 /* SnailMailController.h in Headers */,
			);
			runOnlyForDeploymentPostprocessing = 0;
		};
		DDB0BD50064B460000118B48 /* Headers */ = {
			isa = PBXHeadersBuildPhase;
			buildActionMask = 2147483647;
			files = (
				DDB0BD6F064B46BB00118B48 /* Snail Mail_Prefix.pch in Headers */,
				B232F32312D400BD00919C63 /* SnailMailPlugin.h in Headers */,
			);
			runOnlyForDeploymentPostprocessing = 0;
		};
/* End PBXHeadersBuildPhase section */

/* Begin PBXNativeTarget section */
		8D1107260486CEB800E47090 /* Snail Mail */ = {
			isa = PBXNativeTarget;
			buildConfigurationList = DDD13A6508DFA48400143135 /* Build configuration list for PBXNativeTarget "Snail Mail" */;
			buildPhases = (
				DDAD46B1063F827A00F74C80 /* CopyFiles */,
				8D1107270486CEB800E47090 /* Headers */,
				8D1107290486CEB800E47090 /* Resources */,
				8D11072C0486CEB800E47090 /* Sources */,
				8D11072E0486CEB800E47090 /* Frameworks */,
			);
			buildRules = (
			);
			dependencies = (
				DDA0213609ADBA1500DA3195 /* PBXTargetDependency */,
			);
			name = "Snail Mail";
			productInstallPath = "$(HOME)/Applications";
			productName = "Snail Mail";
			productReference = 8D1107320486CEB800E47090 /* Snail Mail.app */;
			productType = "com.apple.product-type.application";
		};
		DDB0BD54064B460000118B48 /* SnailMailPlugin */ = {
			isa = PBXNativeTarget;
			buildConfigurationList = DDD13A6908DFA48400143135 /* Build configuration list for PBXNativeTarget "SnailMailPlugin" */;
			buildPhases = (
				DDB0BD50064B460000118B48 /* Headers */,
				DDB0BD51064B460000118B48 /* Resources */,
				DDB0BD52064B460000118B48 /* Sources */,
				DDB0BD53064B460000118B48 /* Frameworks */,
			);
			buildRules = (
			);
			dependencies = (
			);
			name = SnailMailPlugin;
			productName = SnailMailPlugin;
			productReference = DDB0BD55064B460000118B48 /* SnailMailPlugin.bundle */;
			productType = "com.apple.product-type.bundle";
		};
/* End PBXNativeTarget section */

/* Begin PBXProject section */
		29B97313FDCFA39411CA2CEA /* Project object */ = {
			isa = PBXProject;
			attributes = {
				LastUpgradeCheck = 1130;
				TargetAttributes = {
					8D1107260486CEB800E47090 = {
						DevelopmentTeam = C5YPT3K593;
					};
				};
			};
			buildConfigurationList = DDD13A6D08DFA48400143135 /* Build configuration list for PBXProject "Snail Mail" */;
			compatibilityVersion = "Xcode 3.2";
			developmentRegion = English;
			hasScannedForEncodings = 1;
			knownRegions = (
				English,
				French,
				German,
				Italian,
				Dutch,
				Base,
				ja,
			);
			mainGroup = 29B97314FDCFA39411CA2CEA /* Snail Mail */;
			projectDirPath = "";
			projectRoot = "";
			targets = (
				8D1107260486CEB800E47090 /* Snail Mail */,
				DDB0BD54064B460000118B48 /* SnailMailPlugin */,
			);
		};
/* End PBXProject section */

/* Begin PBXResourcesBuildPhase section */
		8D1107290486CEB800E47090 /* Resources */ = {
			isa = PBXResourcesBuildPhase;
			buildActionMask = 2147483647;
			files = (
				8D11072A0486CEB800E47090 /* MainMenu.nib in Resources */,
				DD846F6309B39D0E002F54B4 /* Localizable.strings in Resources */,
				DD75E6F906560174007C8C66 /* Help in Resources */,
				560876842480B524006770EB /* infoPlist.strings in Resources */,
				DDC87A3F065B73AF00F56F34 /* SnailMailPlugin.bundle in Resources */,
				B232F34E12D4026000919C63 /* Change Log.html in Resources */,
				B232F34F12D4026000919C63 /* Credits.html in Resources */,
				B232F35012D4026000919C63 /* READ ME.html in Resources */,
				B232F35112D4026000919C63 /* UNDERWARE.html in Resources */,
				B232F35912D4029900919C63 /* AddressBook.tiff in Resources */,
				B232F35A12D4029900919C63 /* copy.tiff in Resources */,
				B232F35B12D4029900919C63 /* paste.tiff in Resources */,
				B232F35C12D4029900919C63 /* smPlugin.icns in Resources */,
				B232F35D12D4029900919C63 /* SnailMail.icns in Resources */,
				B232F35E12D4029900919C63 /* text.tiff in Resources */,
				B232F36512D402A900919C63 /* SnailMailPlugin-Info.plist in Resources */,
				B232F36612D402A900919C63 /* version.plist in Resources */,
			);
			runOnlyForDeploymentPostprocessing = 0;
		};
		DDB0BD51064B460000118B48 /* Resources */ = {
			isa = PBXResourcesBuildPhase;
			buildActionMask = 2147483647;
			files = (
			);
			runOnlyForDeploymentPostprocessing = 0;
		};
/* End PBXResourcesBuildPhase section */

/* Begin PBXSourcesBuildPhase section */
		8D11072C0486CEB800E47090 /* Sources */ = {
			isa = PBXSourcesBuildPhase;
			buildActionMask = 2147483647;
			files = (
				B232F33112D400E700919C63 /* ABPersonAdditions.m in Sources */,
				B232F33212D400E700919C63 /* AddressManager.m in Sources */,
				B232F33312D400E700919C63 /* EnvelopeProfile.m in Sources */,
				B232F33412D400E700919C63 /* FieldLayoutTextView.m in Sources */,
				B232F33512D400E700919C63 /* main.m in Sources */,
				B232F33612D400E700919C63 /* NKDBarcode.m in Sources */,
				B232F33712D400E700919C63 /* NKDBarcodeOffscreenView.m in Sources */,
				B232F33812D400E700919C63 /* NKDPostnetBarcode.m in Sources */,
				B232F33912D400E700919C63 /* NSAttributedStringAdditions.m in Sources */,
				B232F33A12D400E700919C63 /* NSTextAdditions.m in Sources */,
				B232F33B12D400E700919C63 /* PostalBarcodeGenerator.m in Sources */,
				B232F33C12D400E700919C63 /* SnailMailController.m in Sources */,
			);
			runOnlyForDeploymentPostprocessing = 0;
		};
		DDB0BD52064B460000118B48 /* Sources */ = {
			isa = PBXSourcesBuildPhase;
			buildActionMask = 2147483647;
			files = (
				B232F32412D400BD00919C63 /* SnailMailPlugin.m in Sources */,
			);
			runOnlyForDeploymentPostprocessing = 0;
		};
/* End PBXSourcesBuildPhase section */

/* Begin PBXTargetDependency section */
		DDA0213609ADBA1500DA3195 /* PBXTargetDependency */ = {
			isa = PBXTargetDependency;
			target = DDB0BD54064B460000118B48 /* SnailMailPlugin */;
			targetProxy = DDA0213509ADBA1500DA3195 /* PBXContainerItemProxy */;
		};
/* End PBXTargetDependency section */

/* Begin PBXVariantGroup section */
		29B97318FDCFA39411CA2CEA /* MainMenu.nib */ = {
			isa = PBXVariantGroup;
			children = (
				DD8E67D4063F812700D5D0AB /* German */,
				DD4CA6890805FF4800AFE54A /* French */,
				560876822480B2B6006770EB /* Base */,
			);
			name = MainMenu.nib;
			sourceTree = "<group>";
		};
		DD846F6209B39D0E002F54B4 /* Localizable.strings */ = {
			isa = PBXVariantGroup;
			children = (
				DD846F5E09B39CFF002F54B4 /* English */,
				DD846F6509B39D1B002F54B4 /* German */,
				DD846F6409B39D18002F54B4 /* French */,
			);
			name = Localizable.strings;
			sourceTree = "<group>";
		};
/* End PBXVariantGroup section */

/* Begin XCBuildConfiguration section */
		DDD13A6608DFA48400143135 /* Development */ = {
			isa = XCBuildConfiguration;
			buildSettings = {
				CLANG_ENABLE_OBJC_WEAK = YES;
				CODE_SIGN_IDENTITY = "-";
				COMBINE_HIDPI_IMAGES = YES;
				COPY_PHASE_STRIP = NO;
				DEBUGGING_SYMBOLS = YES;
				DEVELOPMENT_TEAM = C5YPT3K593;
				FRAMEWORK_SEARCH_PATHS = "";
				GCC_DYNAMIC_NO_PIC = NO;
				GCC_ENABLE_TRIGRAPHS = NO;
				GCC_GENERATE_DEBUGGING_SYMBOLS = YES;
				GCC_OPTIMIZATION_LEVEL = 0;
				GCC_PRECOMPILE_PREFIX_HEADER = YES;
				GCC_PREFIX_HEADER = "Snail Mail_Prefix.pch";
				GCC_WARN_ABOUT_MISSING_PROTOTYPES = NO;
				GCC_WARN_FOUR_CHARACTER_CONSTANTS = NO;
				GCC_WARN_UNKNOWN_PRAGMAS = NO;
				HEADER_SEARCH_PATHS = "";
				INFOPLIST_FILE = project_resources/Info.plist;
				INSTALL_PATH = "$(HOME)/Applications";
				LIBRARY_SEARCH_PATHS = "";
				MACOSX_DEPLOYMENT_TARGET = 10.10;
				ONLY_ACTIVE_ARCH = YES;
				OTHER_CFLAGS = "";
				OTHER_LDFLAGS = "";
				PRODUCT_BUNDLE_IDENTIFIER = com.nixanz.snailmail;
				PRODUCT_NAME = "Snail Mail";
				SDKROOT = macosx;
				SECTORDER_FLAGS = "";
				VALID_ARCHS = x86_64;
				WARNING_CFLAGS = (
					"-Wmost",
					"-Wno-four-char-constants",
					"-Wno-unknown-pragmas",
				);
				WRAPPER_EXTENSION = app;
				ZERO_LINK = YES;
			};
			name = Development;
		};
		DDD13A6708DFA48400143135 /* Deployment */ = {
			isa = XCBuildConfiguration;
			buildSettings = {
				CLANG_ENABLE_OBJC_WEAK = YES;
				CODE_SIGN_IDENTITY = "-";
				COMBINE_HIDPI_IMAGES = YES;
				COPY_PHASE_STRIP = YES;
				DEVELOPMENT_TEAM = C5YPT3K593;
				FRAMEWORK_SEARCH_PATHS = "";
				GCC_ENABLE_TRIGRAPHS = NO;
				GCC_GENERATE_DEBUGGING_SYMBOLS = NO;
				GCC_PRECOMPILE_PREFIX_HEADER = YES;
				GCC_PREFIX_HEADER = "Snail Mail_Prefix.pch";
				GCC_WARN_ABOUT_MISSING_PROTOTYPES = NO;
				GCC_WARN_FOUR_CHARACTER_CONSTANTS = NO;
				GCC_WARN_UNKNOWN_PRAGMAS = NO;
				HEADER_SEARCH_PATHS = "";
				INFOPLIST_FILE = project_resources/Info.plist;
				INSTALL_PATH = "$(HOME)/Applications";
				LIBRARY_SEARCH_PATHS = "";
				MACOSX_DEPLOYMENT_TARGET = 10.10;
				ONLY_ACTIVE_ARCH = YES;
				OTHER_CFLAGS = "";
				OTHER_LDFLAGS = "";
				PRODUCT_BUNDLE_IDENTIFIER = com.nixanz.snailmail;
				PRODUCT_NAME = "Snail Mail";
				SDKROOT = macosx;
				SECTORDER_FLAGS = "";
				VALID_ARCHS = x86_64;
				WARNING_CFLAGS = (
					"-Wmost",
					"-Wno-four-char-constants",
					"-Wno-unknown-pragmas",
				);
				WRAPPER_EXTENSION = app;
				ZERO_LINK = NO;
			};
			name = Deployment;
		};
		DDD13A6808DFA48400143135 /* Default */ = {
			isa = XCBuildConfiguration;
			buildSettings = {
				CLANG_ENABLE_OBJC_WEAK = YES;
				CODE_SIGN_IDENTITY = "-";
				COMBINE_HIDPI_IMAGES = YES;
				DEVELOPMENT_TEAM = C5YPT3K593;
				FRAMEWORK_SEARCH_PATHS = "";
				GCC_ENABLE_TRIGRAPHS = NO;
				GCC_GENERATE_DEBUGGING_SYMBOLS = NO;
				GCC_PRECOMPILE_PREFIX_HEADER = YES;
				GCC_PREFIX_HEADER = "Snail Mail_Prefix.pch";
				GCC_WARN_ABOUT_MISSING_PROTOTYPES = NO;
				GCC_WARN_FOUR_CHARACTER_CONSTANTS = NO;
				GCC_WARN_UNKNOWN_PRAGMAS = NO;
				HEADER_SEARCH_PATHS = "";
				INFOPLIST_FILE = project_resources/Info.plist;
				INSTALL_PATH = "$(HOME)/Applications";
				LIBRARY_SEARCH_PATHS = "";
				MACOSX_DEPLOYMENT_TARGET = 10.10;
				ONLY_ACTIVE_ARCH = YES;
				OTHER_CFLAGS = "";
				OTHER_LDFLAGS = "";
				PRODUCT_BUNDLE_IDENTIFIER = com.nixanz.snailmail;
				PRODUCT_NAME = "Snail Mail";
				SDKROOT = macosx;
				SECTORDER_FLAGS = "";
				VALID_ARCHS = x86_64;
				WARNING_CFLAGS = (
					"-Wmost",
					"-Wno-four-char-constants",
					"-Wno-unknown-pragmas",
				);
				WRAPPER_EXTENSION = app;
			};
			name = Default;
		};
		DDD13A6A08DFA48400143135 /* Development */ = {
			isa = XCBuildConfiguration;
			buildSettings = {
				CLANG_ENABLE_OBJC_WEAK = YES;
				COMBINE_HIDPI_IMAGES = YES;
				COPY_PHASE_STRIP = NO;
				DEBUGGING_SYMBOLS = YES;
				GCC_DYNAMIC_NO_PIC = NO;
				GCC_GENERATE_DEBUGGING_SYMBOLS = YES;
				GCC_OPTIMIZATION_LEVEL = 0;
				GCC_PRECOMPILE_PREFIX_HEADER = YES;
				GCC_PREFIX_HEADER = "Snail Mail_Prefix.pch";
				GCC_WARN_FOUR_CHARACTER_CONSTANTS = NO;
				GCC_WARN_UNKNOWN_PRAGMAS = NO;
				INFOPLIST_FILE = "resources/SnailMailPlugin-Info.plist";
				INSTALL_PATH = "$(USER_LIBRARY_DIR)/Bundles";
				OTHER_CFLAGS = "";
				OTHER_LDFLAGS = (
					"-framework",
					Foundation,
					"-framework",
					AppKit,
				);
				OTHER_REZFLAGS = "";
				PRODUCT_BUNDLE_IDENTIFIER = com.nixanz.snailmailplugin;
				PRODUCT_NAME = SnailMailPlugin;
				SECTORDER_FLAGS = "";
				WARNING_CFLAGS = "-Wmost";
				ZERO_LINK = YES;
			};
			name = Development;
		};
		DDD13A6B08DFA48400143135 /* Deployment */ = {
			isa = XCBuildConfiguration;
			buildSettings = {
				CLANG_ENABLE_OBJC_WEAK = YES;
				COMBINE_HIDPI_IMAGES = YES;
				COPY_PHASE_STRIP = YES;
				GCC_PRECOMPILE_PREFIX_HEADER = YES;
				GCC_PREFIX_HEADER = "Snail Mail_Prefix.pch";
				GCC_WARN_FOUR_CHARACTER_CONSTANTS = NO;
				GCC_WARN_UNKNOWN_PRAGMAS = NO;
				INFOPLIST_FILE = "resources/SnailMailPlugin-Info.plist";
				INSTALL_PATH = "$(USER_LIBRARY_DIR)/Bundles";
				OTHER_CFLAGS = "";
				OTHER_LDFLAGS = (
					"-framework",
					Foundation,
					"-framework",
					AppKit,
				);
				OTHER_REZFLAGS = "";
				PRODUCT_BUNDLE_IDENTIFIER = com.nixanz.snailmailplugin;
				PRODUCT_NAME = SnailMailPlugin;
				SECTORDER_FLAGS = "";
				WARNING_CFLAGS = "-Wmost";
				ZERO_LINK = NO;
			};
			name = Deployment;
		};
		DDD13A6C08DFA48400143135 /* Default */ = {
			isa = XCBuildConfiguration;
			buildSettings = {
				CLANG_ENABLE_OBJC_WEAK = YES;
				COMBINE_HIDPI_IMAGES = YES;
				GCC_PRECOMPILE_PREFIX_HEADER = YES;
				GCC_PREFIX_HEADER = "Snail Mail_Prefix.pch";
				GCC_WARN_FOUR_CHARACTER_CONSTANTS = NO;
				GCC_WARN_UNKNOWN_PRAGMAS = NO;
				INFOPLIST_FILE = "resources/SnailMailPlugin-Info.plist";
				INSTALL_PATH = "$(USER_LIBRARY_DIR)/Bundles";
				OTHER_CFLAGS = "";
				OTHER_LDFLAGS = (
					"-framework",
					Foundation,
					"-framework",
					AppKit,
				);
				OTHER_REZFLAGS = "";
				PRODUCT_BUNDLE_IDENTIFIER = com.nixanz.snailmailplugin;
				PRODUCT_NAME = SnailMailPlugin;
				SECTORDER_FLAGS = "";
				WARNING_CFLAGS = "-Wmost";
			};
			name = Default;
		};
		DDD13A6E08DFA48400143135 /* Development */ = {
			isa = XCBuildConfiguration;
			buildSettings = {
				CLANG_ANALYZER_LOCALIZABILITY_NONLOCALIZED = YES;
				CLANG_WARN_BLOCK_CAPTURE_AUTORELEASING = YES;
				CLANG_WARN_BOOL_CONVERSION = YES;
				CLANG_WARN_COMMA = YES;
				CLANG_WARN_CONSTANT_CONVERSION = YES;
				CLANG_WARN_DEPRECATED_OBJC_IMPLEMENTATIONS = YES;
				CLANG_WARN_EMPTY_BODY = YES;
				CLANG_WARN_ENUM_CONVERSION = YES;
				CLANG_WARN_INFINITE_RECURSION = YES;
				CLANG_WARN_INT_CONVERSION = YES;
				CLANG_WARN_NON_LITERAL_NULL_CONVERSION = YES;
				CLANG_WARN_OBJC_IMPLICIT_RETAIN_SELF = YES;
				CLANG_WARN_OBJC_LITERAL_CONVERSION = YES;
				CLANG_WARN_RANGE_LOOP_ANALYSIS = YES;
				CLANG_WARN_STRICT_PROTOTYPES = YES;
				CLANG_WARN_SUSPICIOUS_MOVE = YES;
				CLANG_WARN_UNREACHABLE_CODE = YES;
				CLANG_WARN__DUPLICATE_METHOD_MATCH = YES;
				ENABLE_STRICT_OBJC_MSGSEND = YES;
				ENABLE_TESTABILITY = YES;
				GCC_NO_COMMON_BLOCKS = YES;
				GCC_WARN_64_TO_32_BIT_CONVERSION = YES;
				GCC_WARN_ABOUT_RETURN_TYPE = YES;
				GCC_WARN_UNDECLARED_SELECTOR = YES;
				GCC_WARN_UNINITIALIZED_AUTOS = YES;
				GCC_WARN_UNUSED_FUNCTION = YES;
				GCC_WARN_UNUSED_VARIABLE = YES;
				INFOPLIST_FILE = "project_resources/Info.plist ";
				MACOSX_DEPLOYMENT_TARGET = 10.10;
				ONLY_ACTIVE_ARCH = YES;
			};
			name = Development;
		};
		DDD13A6F08DFA48400143135 /* Deployment */ = {
			isa = XCBuildConfiguration;
			buildSettings = {
				CLANG_ANALYZER_LOCALIZABILITY_NONLOCALIZED = YES;
				CLANG_WARN_BLOCK_CAPTURE_AUTORELEASING = YES;
				CLANG_WARN_BOOL_CONVERSION = YES;
				CLANG_WARN_COMMA = YES;
				CLANG_WARN_CONSTANT_CONVERSION = YES;
				CLANG_WARN_DEPRECATED_OBJC_IMPLEMENTATIONS = YES;
				CLANG_WARN_EMPTY_BODY = YES;
				CLANG_WARN_ENUM_CONVERSION = YES;
				CLANG_WARN_INFINITE_RECURSION = YES;
				CLANG_WARN_INT_CONVERSION = YES;
				CLANG_WARN_NON_LITERAL_NULL_CONVERSION = YES;
				CLANG_WARN_OBJC_IMPLICIT_RETAIN_SELF = YES;
				CLANG_WARN_OBJC_LITERAL_CONVERSION = YES;
				CLANG_WARN_RANGE_LOOP_ANALYSIS = YES;
				CLANG_WARN_STRICT_PROTOTYPES = YES;
				CLANG_WARN_SUSPICIOUS_MOVE = YES;
				CLANG_WARN_UNREACHABLE_CODE = YES;
				CLANG_WARN__DUPLICATE_METHOD_MATCH = YES;
				ENABLE_STRICT_OBJC_MSGSEND = YES;
				GCC_NO_COMMON_BLOCKS = YES;
				GCC_WARN_64_TO_32_BIT_CONVERSION = YES;
				GCC_WARN_ABOUT_RETURN_TYPE = YES;
				GCC_WARN_UNDECLARED_SELECTOR = YES;
				GCC_WARN_UNINITIALIZED_AUTOS = YES;
				GCC_WARN_UNUSED_FUNCTION = YES;
				GCC_WARN_UNUSED_VARIABLE = YES;
				INFOPLIST_FILE = "project_resources/Info.plist ";
				MACOSX_DEPLOYMENT_TARGET = 10.10;
			};
			name = Deployment;
		};
		DDD13A7008DFA48400143135 /* Default */ = {
			isa = XCBuildConfiguration;
			buildSettings = {
				CLANG_ANALYZER_LOCALIZABILITY_NONLOCALIZED = YES;
				CLANG_WARN_BLOCK_CAPTURE_AUTORELEASING = YES;
				CLANG_WARN_BOOL_CONVERSION = YES;
				CLANG_WARN_COMMA = YES;
				CLANG_WARN_CONSTANT_CONVERSION = YES;
				CLANG_WARN_DEPRECATED_OBJC_IMPLEMENTATIONS = YES;
				CLANG_WARN_EMPTY_BODY = YES;
				CLANG_WARN_ENUM_CONVERSION = YES;
				CLANG_WARN_INFINITE_RECURSION = YES;
				CLANG_WARN_INT_CONVERSION = YES;
				CLANG_WARN_NON_LITERAL_NULL_CONVERSION = YES;
				CLANG_WARN_OBJC_IMPLICIT_RETAIN_SELF = YES;
				CLANG_WARN_OBJC_LITERAL_CONVERSION = YES;
				CLANG_WARN_RANGE_LOOP_ANALYSIS = YES;
				CLANG_WARN_STRICT_PROTOTYPES = YES;
				CLANG_WARN_SUSPICIOUS_MOVE = YES;
				CLANG_WARN_UNREACHABLE_CODE = YES;
				CLANG_WARN__DUPLICATE_METHOD_MATCH = YES;
				ENABLE_STRICT_OBJC_MSGSEND = YES;
				GCC_NO_COMMON_BLOCKS = YES;
				GCC_WARN_64_TO_32_BIT_CONVERSION = YES;
				GCC_WARN_ABOUT_RETURN_TYPE = YES;
				GCC_WARN_UNDECLARED_SELECTOR = YES;
				GCC_WARN_UNINITIALIZED_AUTOS = YES;
				GCC_WARN_UNUSED_FUNCTION = YES;
				GCC_WARN_UNUSED_VARIABLE = YES;
				INFOPLIST_FILE = "project_resources/Info.plist ";
				MACOSX_DEPLOYMENT_TARGET = 10.10;
			};
			name = Default;
		};
		DDE37D3309BE3C4E008D024B /* Deployment Panther */ = {
			isa = XCBuildConfiguration;
			buildSettings = {
				CLANG_ENABLE_OBJC_WEAK = YES;
				COMBINE_HIDPI_IMAGES = YES;
				COPY_PHASE_STRIP = YES;
				GCC_PRECOMPILE_PREFIX_HEADER = YES;
				GCC_PREFIX_HEADER = "Snail Mail_Prefix.pch";
				GCC_WARN_FOUR_CHARACTER_CONSTANTS = NO;
				GCC_WARN_UNKNOWN_PRAGMAS = NO;
				INFOPLIST_FILE = "resources/SnailMailPlugin-Info.plist";
				INSTALL_PATH = "$(USER_LIBRARY_DIR)/Bundles";
				OTHER_CFLAGS = "";
				OTHER_LDFLAGS = (
					"-framework",
					Foundation,
					"-framework",
					AppKit,
				);
				OTHER_REZFLAGS = "";
				PRODUCT_BUNDLE_IDENTIFIER = com.nixanz.snailmailplugin;
				PRODUCT_NAME = SnailMailPlugin;
				SECTORDER_FLAGS = "";
				WARNING_CFLAGS = "-Wmost";
				ZERO_LINK = NO;
			};
			name = "Deployment Panther";
		};
		DDE37D3409BE3C4E008D024B /* Deployment Panther */ = {
			isa = XCBuildConfiguration;
			buildSettings = {
				CLANG_ENABLE_OBJC_WEAK = YES;
				CODE_SIGN_IDENTITY = "-";
				COMBINE_HIDPI_IMAGES = YES;
				COPY_PHASE_STRIP = YES;
				DEVELOPMENT_TEAM = C5YPT3K593;
				FRAMEWORK_SEARCH_PATHS = "";
				GCC_ENABLE_TRIGRAPHS = NO;
				GCC_GENERATE_DEBUGGING_SYMBOLS = NO;
				GCC_PRECOMPILE_PREFIX_HEADER = YES;
				GCC_PREFIX_HEADER = "Snail Mail_Prefix.pch";
				GCC_WARN_ABOUT_MISSING_PROTOTYPES = NO;
				GCC_WARN_FOUR_CHARACTER_CONSTANTS = NO;
				GCC_WARN_UNKNOWN_PRAGMAS = NO;
				HEADER_SEARCH_PATHS = "";
				INFOPLIST_FILE = project_resources/Info.plist;
				INSTALL_PATH = "$(HOME)/Applications";
				LIBRARY_SEARCH_PATHS = "";
				MACOSX_DEPLOYMENT_TARGET = 10.10;
				ONLY_ACTIVE_ARCH = YES;
				OTHER_CFLAGS = "";
				OTHER_LDFLAGS = "";
				PRODUCT_BUNDLE_IDENTIFIER = com.nixanz.snailmail;
				PRODUCT_NAME = "Snail Mail";
				SDKROOT = macosx;
				SECTORDER_FLAGS = "";
				VALID_ARCHS = x86_64;
				WARNING_CFLAGS = (
					"-Wmost",
					"-Wno-four-char-constants",
					"-Wno-unknown-pragmas",
				);
				WRAPPER_EXTENSION = app;
				ZERO_LINK = NO;
			};
			name = "Deployment Panther";
		};
		DDE37D3509BE3C4E008D024B /* Deployment Panther */ = {
			isa = XCBuildConfiguration;
			buildSettings = {
				CLANG_ANALYZER_LOCALIZABILITY_NONLOCALIZED = YES;
				CLANG_WARN_BLOCK_CAPTURE_AUTORELEASING = YES;
				CLANG_WARN_BOOL_CONVERSION = YES;
				CLANG_WARN_COMMA = YES;
				CLANG_WARN_CONSTANT_CONVERSION = YES;
				CLANG_WARN_DEPRECATED_OBJC_IMPLEMENTATIONS = YES;
				CLANG_WARN_EMPTY_BODY = YES;
				CLANG_WARN_ENUM_CONVERSION = YES;
				CLANG_WARN_INFINITE_RECURSION = YES;
				CLANG_WARN_INT_CONVERSION = YES;
				CLANG_WARN_NON_LITERAL_NULL_CONVERSION = YES;
				CLANG_WARN_OBJC_IMPLICIT_RETAIN_SELF = YES;
				CLANG_WARN_OBJC_LITERAL_CONVERSION = YES;
				CLANG_WARN_RANGE_LOOP_ANALYSIS = YES;
				CLANG_WARN_STRICT_PROTOTYPES = YES;
				CLANG_WARN_SUSPICIOUS_MOVE = YES;
				CLANG_WARN_UNREACHABLE_CODE = YES;
				CLANG_WARN__DUPLICATE_METHOD_MATCH = YES;
				ENABLE_STRICT_OBJC_MSGSEND = YES;
				GCC_NO_COMMON_BLOCKS = YES;
				GCC_WARN_64_TO_32_BIT_CONVERSION = YES;
				GCC_WARN_ABOUT_RETURN_TYPE = YES;
				GCC_WARN_UNDECLARED_SELECTOR = YES;
				GCC_WARN_UNINITIALIZED_AUTOS = YES;
				GCC_WARN_UNUSED_FUNCTION = YES;
				GCC_WARN_UNUSED_VARIABLE = YES;
				INFOPLIST_FILE = "project_resources/Info.plist ";
				MACOSX_DEPLOYMENT_TARGET = 10.6;
			};
			name = "Deployment Panther";
		};
/* End XCBuildConfiguration section */

/* Begin XCConfigurationList section */
		DDD13A6508DFA48400143135 /* Build configuration list for PBXNativeTarget "Snail Mail" */ = {
			isa = XCConfigurationList;
			buildConfigurations = (
				DDD13A6608DFA48400143135 /* Development */,
				DDD13A6708DFA48400143135 /* Deployment */,
				DDE37D3409BE3C4E008D024B /* Deployment Panther */,
				DDD13A6808DFA48400143135 /* Default */,
			);
			defaultConfigurationIsVisible = 0;
			defaultConfigurationName = Default;
		};
		DDD13A6908DFA48400143135 /* Build configuration list for PBXNativeTarget "SnailMailPlugin" */ = {
			isa = XCConfigurationList;
			buildConfigurations = (
				DDD13A6A08DFA48400143135 /* Development */,
				DDD13A6B08DFA48400143135 /* Deployment */,
				DDE37D3309BE3C4E008D024B /* Deployment Panther */,
				DDD13A6C08DFA48400143135 /* Default */,
			);
			defaultConfigurationIsVisible = 0;
			defaultConfigurationName = Default;
		};
		DDD13A6D08DFA48400143135 /* Build configuration list for PBXProject "Snail Mail" */ = {
			isa = XCConfigurationList;
			buildConfigurations = (
				DDD13A6E08DFA48400143135 /* Development */,
				DDD13A6F08DFA48400143135 /* Deployment */,
				DDE37D3509BE3C4E008D024B /* Deployment Panther */,
				DDD13A7008DFA48400143135 /* Default */,
			);
			defaultConfigurationIsVisible = 0;
			defaultConfigurationName = Default;
		};
/* End XCConfigurationList section */
	};
	rootObject = 29B97313FDCFA39411CA2CEA /* Project object */;
}
